// !$*UTF8*$!
{
	archiveVersion = 1;
	classes = {
	};
	objectVersion = 46;
	objects = {

/* Begin PBXBuildFile section */
		8EE7172C1ECBBD3C007156AD /* AppDelegate.swift in Sources */ = {isa = PBXBuildFile; fileRef = 8EE7172B1ECBBD3C007156AD /* AppDelegate.swift */; };
		8EE717311ECBBD3C007156AD /* Main.storyboard in Resources */ = {isa = PBXBuildFile; fileRef = 8EE7172F1ECBBD3C007156AD /* Main.storyboard */; };
		8EE717341ECBBD3C007156AD /* FoodPin.xcdatamodeld in Sources */ = {isa = PBXBuildFile; fileRef = 8EE717321ECBBD3C007156AD /* FoodPin.xcdatamodeld */; };
		8EE717361ECBBD3C007156AD /* Assets.xcassets in Resources */ = {isa = PBXBuildFile; fileRef = 8EE717351ECBBD3C007156AD /* Assets.xcassets */; };
		8EE717391ECBBD3C007156AD /* LaunchScreen.storyboard in Resources */ = {isa = PBXBuildFile; fileRef = 8EE717371ECBBD3C007156AD /* LaunchScreen.storyboard */; };
		8EE717411ECBD7E4007156AD /* RestaurantTableViewController.swift in Sources */ = {isa = PBXBuildFile; fileRef = 8EE717401ECBD7E4007156AD /* RestaurantTableViewController.swift */; };
		8EE717431ECBE2CD007156AD /* RestaurantTableViewCell.swift in Sources */ = {isa = PBXBuildFile; fileRef = 8EE717421ECBE2CD007156AD /* RestaurantTableViewCell.swift */; };
		8EE717451ECBE77C007156AD /* DetailViewController.swift in Sources */ = {isa = PBXBuildFile; fileRef = 8EE717441ECBE77C007156AD /* DetailViewController.swift */; };
		8EE717471ECBF05D007156AD /* DetailTableViewCell.swift in Sources */ = {isa = PBXBuildFile; fileRef = 8EE717461ECBF05D007156AD /* DetailTableViewCell.swift */; };
		8EE717491ECBF164007156AD /* Restaruant.swift in Sources */ = {isa = PBXBuildFile; fileRef = 8EE717481ECBF164007156AD /* Restaruant.swift */; };
/* End PBXBuildFile section */

/* Begin PBXFileReference section */
		8EE717281ECBBD3C007156AD /* FoodPin.app */ = {isa = PBXFileReference; explicitFileType = wrapper.application; includeInIndex = 0; path = FoodPin.app; sourceTree = BUILT_PRODUCTS_DIR; };
		8EE7172B1ECBBD3C007156AD /* AppDelegate.swift */ = {isa = PBXFileReference; lastKnownFileType = sourcecode.swift; path = AppDelegate.swift; sourceTree = "<group>"; };
		8EE717301ECBBD3C007156AD /* Base */ = {isa = PBXFileReference; lastKnownFileType = file.storyboard; name = Base; path = Base.lproj/Main.storyboard; sourceTree = "<group>"; };
		8EE717331ECBBD3C007156AD /* FoodPin.xcdatamodel */ = {isa = PBXFileReference; lastKnownFileType = wrapper.xcdatamodel; path = FoodPin.xcdatamodel; sourceTree = "<group>"; };
		8EE717351ECBBD3C007156AD /* Assets.xcassets */ = {isa = PBXFileReference; lastKnownFileType = folder.assetcatalog; path = Assets.xcassets; sourceTree = "<group>"; };
		8EE717381ECBBD3C007156AD /* Base */ = {isa = PBXFileReference; lastKnownFileType = file.storyboard; name = Base; path = Base.lproj/LaunchScreen.storyboard; sourceTree = "<group>"; };
		8EE7173A1ECBBD3C007156AD /* Info.plist */ = {isa = PBXFileReference; lastKnownFileType = text.plist.xml; path = Info.plist; sourceTree = "<group>"; };
		8EE717401ECBD7E4007156AD /* RestaurantTableViewController.swift */ = {isa = PBXFileReference; fileEncoding = 4; lastKnownFileType = sourcecode.swift; path = RestaurantTableViewController.swift; sourceTree = "<group>"; };
		8EE717421ECBE2CD007156AD /* RestaurantTableViewCell.swift */ = {isa = PBXFileReference; fileEncoding = 4; lastKnownFileType = sourcecode.swift; path = RestaurantTableViewCell.swift; sourceTree = "<group>"; };
		8EE717441ECBE77C007156AD /* DetailViewController.swift */ = {isa = PBXFileReference; fileEncoding = 4; lastKnownFileType = sourcecode.swift; path = DetailViewController.swift; sourceTree = "<group>"; };
		8EE717461ECBF05D007156AD /* DetailTableViewCell.swift */ = {isa = PBXFileReference; fileEncoding = 4; lastKnownFileType = sourcecode.swift; path = DetailTableViewCell.swift; sourceTree = "<group>"; };
		8EE717481ECBF164007156AD /* Restaruant.swift */ = {isa = PBXFileReference; fileEncoding = 4; lastKnownFileType = sourcecode.swift; path = Restaruant.swift; sourceTree = "<group>"; };
/* End PBXFileReference section */

/* Begin PBXFrameworksBuildPhase section */
		8EE717251ECBBD3C007156AD /* Frameworks */ = {
			isa = PBXFrameworksBuildPhase;
			buildActionMask = 2147483647;
			files = (
			);
			runOnlyForDeploymentPostprocessing = 0;
		};
/* End PBXFrameworksBuildPhase section */

/* Begin PBXGroup section */
		8EE7171F1ECBBD3C007156AD = {
			isa = PBXGroup;
			children = (
				8EE7172A1ECBBD3C007156AD /* FoodPin */,
				8EE717291ECBBD3C007156AD /* Products */,
			);
			sourceTree = "<group>";
		};
		8EE717291ECBBD3C007156AD /* Products */ = {
			isa = PBXGroup;
			children = (
				8EE717281ECBBD3C007156AD /* FoodPin.app */,
			);
			name = Products;
			sourceTree = "<group>";
		};
		8EE7172A1ECBBD3C007156AD /* FoodPin */ = {
			isa = PBXGroup;
			children = (
				8EE717481ECBF164007156AD /* Restaruant.swift */,
				8EE7172B1ECBBD3C007156AD /* AppDelegate.swift */,
				8EE717401ECBD7E4007156AD /* RestaurantTableViewController.swift */,
				8EE717421ECBE2CD007156AD /* RestaurantTableViewCell.swift */,
				8EE717441ECBE77C007156AD /* DetailViewController.swift */,
				8EE717461ECBF05D007156AD /* DetailTableViewCell.swift */,
				8EE7172F1ECBBD3C007156AD /* Main.storyboard */,
				8EE717351ECBBD3C007156AD /* Assets.xcassets */,
				8EE717371ECBBD3C007156AD /* LaunchScreen.storyboard */,
				8EE7173A1ECBBD3C007156AD /* Info.plist */,
				8EE717321ECBBD3C007156AD /* FoodPin.xcdatamodeld */,
			);
			path = FoodPin;
			sourceTree = "<group>";
		};
/* End PBXGroup section */

/* Begin PBXNativeTarget section */
		8EE717271ECBBD3C007156AD /* FoodPin */ = {
			isa = PBXNativeTarget;
			buildConfigurationList = 8EE7173D1ECBBD3C007156AD /* Build configuration list for PBXNativeTarget "FoodPin" */;
			buildPhases = (
				8EE717241ECBBD3C007156AD /* Sources */,
				8EE717251ECBBD3C007156AD /* Frameworks */,
				8EE717261ECBBD3C007156AD /* Resources */,
			);
			buildRules = (
			);
			dependencies = (
			);
			name = FoodPin;
			productName = FoodPin;
			productReference = 8EE717281ECBBD3C007156AD /* FoodPin.app */;
			productType = "com.apple.product-type.application";
		};
/* End PBXNativeTarget section */

/* Begin PBXProject section */
		8EE717201ECBBD3C007156AD /* Project object */ = {
			isa = PBXProject;
			attributes = {
				LastSwiftUpdateCheck = 0810;
				LastUpgradeCheck = 0810;
				ORGANIZATIONNAME = JordanYao;
				TargetAttributes = {
					8EE717271ECBBD3C007156AD = {
						CreatedOnToolsVersion = 8.1;
						ProvisioningStyle = Automatic;
					};
				};
			};
			buildConfigurationList = 8EE717231ECBBD3C007156AD /* Build configuration list for PBXProject "FoodPin" */;
			compatibilityVersion = "Xcode 3.2";
			developmentRegion = English;
			hasScannedForEncodings = 0;
			knownRegions = (
				en,
				Base,
			);
			mainGroup = 8EE7171F1ECBBD3C007156AD;
			productRefGroup = 8EE717291ECBBD3C007156AD /* Products */;
			projectDirPath = "";
			projectRoot = "";
			targets = (
				8EE717271ECBBD3C007156AD /* FoodPin */,
			);
		};
/* End PBXProject section */

/* Begin PBXResourcesBuildPhase section */
		8EE717261ECBBD3C007156AD /* Resources */ = {
			isa = PBXResourcesBuildPhase;
			buildActionMask = 2147483647;
			files = (
				8EE717391ECBBD3C007156AD /* LaunchScreen.storyboard in Resources */,
				8EE717361ECBBD3C007156AD /* Assets.xcassets in Resources */,
				8EE717311ECBBD3C007156AD /* Main.storyboard in Resources */,
			);
			runOnlyForDeploymentPostprocessing = 0;
		};
/* End PBXResourcesBuildPhase section */

/* Begin PBXSourcesBuildPhase section */
		8EE717241ECBBD3C007156AD /* Sources */ = {
			isa = PBXSourcesBuildPhase;
			buildActionMask = 2147483647;
			files = (
				8EE717471ECBF05D007156AD /* DetailTableViewCell.swift in Sources */,
				8EE717491ECBF164007156AD /* Restaruant.swift in Sources */,
				8EE717431ECBE2CD007156AD /* RestaurantTableViewCell.swift in Sources */,
				8EE7172C1ECBBD3C007156AD /* AppDelegate.swift in Sources */,
				8EE717451ECBE77C007156AD /* DetailViewController.swift in Sources */,
				8EE717341ECBBD3C007156AD /* FoodPin.xcdatamodeld in Sources */,
				8EE717411ECBD7E4007156AD /* RestaurantTableViewController.swift in Sources */,
			);
			runOnlyForDeploymentPostprocessing = 0;
		};
/* End PBXSourcesBuildPhase section */

/* Begin PBXVariantGroup section */
		8EE7172F1ECBBD3C007156AD /* Main.storyboard */ = {
			isa = PBXVariantGroup;
			children = (
				8EE717301ECBBD3C007156AD /* Base */,
			);
			name = Main.storyboard;
			sourceTree = "<group>";
		};
		8EE717371ECBBD3C007156AD /* LaunchScreen.storyboard */ = {
			isa = PBXVariantGroup;
			children = (
				8EE717381ECBBD3C007156AD /* Base */,
			);
			name = LaunchScreen.storyboard;
			sourceTree = "<group>";
		};
/* End PBXVariantGroup section */

/* Begin XCBuildConfiguration section */
		8EE7173B1ECBBD3C007156AD /* Debug */ = {
			isa = XCBuildConfiguration;
			buildSettings = {
				ALWAYS_SEARCH_USER_PATHS = NO;
				CLANG_ANALYZER_NONNULL = YES;
				CLANG_CXX_LANGUAGE_STANDARD = "gnu++0x";
				CLANG_CXX_LIBRARY = "libc++";
				CLANG_ENABLE_MODULES = YES;
				CLANG_ENABLE_OBJC_ARC = YES;
				CLANG_WARN_BOOL_CONVERSION = YES;
				CLANG_WARN_CONSTANT_CONVERSION = YES;
				CLANG_WARN_DIRECT_OBJC_ISA_USAGE = YES_ERROR;
				CLANG_WARN_DOCUMENTATION_COMMENTS = YES;
				CLANG_WARN_EMPTY_BODY = YES;
				CLANG_WARN_ENUM_CONVERSION = YES;
				CLANG_WARN_INFINITE_RECURSION = YES;
				CLANG_WARN_INT_CONVERSION = YES;
				CLANG_WARN_OBJC_ROOT_CLASS = YES_ERROR;
				CLANG_WARN_SUSPICIOUS_MOVES = YES;
				CLANG_WARN_UNREACHABLE_CODE = YES;
				CLANG_WARN__DUPLICATE_METHOD_MATCH = YES;
				"CODE_SIGN_IDENTITY[sdk=iphoneos*]" = "iPhone Developer";
				COPY_PHASE_STRIP = NO;
				DEBUG_INFORMATION_FORMAT = dwarf;
				ENABLE_STRICT_OBJC_MSGSEND = YES;
				ENABLE_TESTABILITY = YES;
				GCC_C_LANGUAGE_STANDARD = gnu99;
				GCC_DYNAMIC_NO_PIC = NO;
				GCC_NO_COMMON_BLOCKS = YES;
				GCC_OPTIMIZATION_LEVEL = 0;
				GCC_PREPROCESSOR_DEFINITIONS = (
					"DEBUG=1",
					"$(inherited)",
				);
				GCC_WARN_64_TO_32_BIT_CONVERSION = YES;
				GCC_WARN_ABOUT_RETURN_TYPE = YES_ERROR;
				GCC_WARN_UNDECLARED_SELECTOR = YES;
				GCC_WARN_UNINITIALIZED_AUTOS = YES_AGGRESSIVE;
				GCC_WARN_UNUSED_FUNCTION = YES;
				GCC_WARN_UNUSED_VARIABLE = YES;
				IPHONEOS_DEPLOYMENT_TARGET = 10.1;
				MTL_ENABLE_DEBUG_INFO = YES;
				ONLY_ACTIVE_ARCH = YES;
				SDKROOT = iphoneos;
				SWIFT_ACTIVE_COMPILATION_CONDITIONS = DEBUG;
				SWIFT_OPTIMIZATION_LEVEL = "-Onone";
			};
			name = Debug;
		};
		8EE7173C1ECBBD3C007156AD /* Release */ = {
			isa = XCBuildConfiguration;
			buildSettings = {
				ALWAYS_SEARCH_USER_PATHS = NO;
				CLANG_ANALYZER_NONNULL = YES;
				CLANG_CXX_LANGUAGE_STANDARD = "gnu++0x";
				CLANG_CXX_LIBRARY = "libc++";
				CLANG_ENABLE_MODULES = YES;
				CLANG_ENABLE_OBJC_ARC = YES;
				CLANG_WARN_BOOL_CONVERSION = YES;
				CLANG_WARN_CONSTANT_CONVERSION = YES;
				CLANG_WARN_DIRECT_OBJC_ISA_USAGE = YES_ERROR;
				CLANG_WARN_DOCUMENTATION_COMMENTS = YES;
				CLANG_WARN_EMPTY_BODY = YES;
				CLANG_WARN_ENUM_CONVERSION = YES;
				CLANG_WARN_INFINITE_RECURSION = YES;
				CLANG_WARN_INT_CONVERSION = YES;
				CLANG_WARN_OBJC_ROOT_CLASS = YES_ERROR;
				CLANG_WARN_SUSPICIOUS_MOVES = YES;
				CLANG_WARN_UNREACHABLE_CODE = YES;
				CLANG_WARN__DUPLICATE_METHOD_MATCH = YES;
				"CODE_SIGN_IDENTITY[sdk=iphoneos*]" = "iPhone Developer";
				COPY_PHASE_STRIP = NO;
				DEBUG_INFORMATION_FORMAT = "dwarf-with-dsym";
				ENABLE_NS_ASSERTIONS = NO;
				ENABLE_STRICT_OBJC_MSGSEND = YES;
				GCC_C_LANGUAGE_STANDARD = gnu99;
				GCC_NO_COMMON_BLOCKS = YES;
				GCC_WARN_64_TO_32_BIT_CONVERSION = YES;
				GCC_WARN_ABOUT_RETURN_TYPE = YES_ERROR;
				GCC_WARN_UNDECLARED_SELECTOR = YES;
				GCC_WARN_UNINITIALIZED_AUTOS = YES_AGGRESSIVE;
				GCC_WARN_UNUSED_FUNCTION = YES;
				GCC_WARN_UNUSED_VARIABLE = YES;
				IPHONEOS_DEPLOYMENT_TARGET = 10.1;
				MTL_ENABLE_DEBUG_INFO = NO;
				SDKROOT = iphoneos;
				SWIFT_OPTIMIZATION_LEVEL = "-Owholemodule";
				VALIDATE_PRODUCT = YES;
			};
			name = Release;
		};
		8EE7173E1ECBBD3C007156AD /* Debug */ = {
			isa = XCBuildConfiguration;
			buildSettings = {
				ASSETCATALOG_COMPILER_APPICON_NAME = AppIcon;
				"CODE_SIGN_IDENTITY[sdk=iphoneos*]" = "iPhone Developer";
				DEVELOPMENT_TEAM = "";
				INFOPLIST_FILE = FoodPin/Info.plist;
				LD_RUNPATH_SEARCH_PATHS = "$(inherited) @executable_path/Frameworks";
				PRODUCT_BUNDLE_IDENTIFIER = edu.self.FoodPin;
				PRODUCT_NAME = "$(TARGET_NAME)";
				SWIFT_VERSION = 3.0;
			};
			name = Debug;
		};
		8EE7173F1ECBBD3C007156AD /* Release */ = {
			isa = XCBuildConfiguration;
			buildSettings = {
				ASSETCATALOG_COMPILER_APPICON_NAME = AppIcon;
				"CODE_SIGN_IDENTITY[sdk=iphoneos*]" = "iPhone Developer";
				DEVELOPMENT_TEAM = "";
				INFOPLIST_FILE = FoodPin/Info.plist;
				LD_RUNPATH_SEARCH_PATHS = "$(inherited) @executable_path/Frameworks";
				PRODUCT_BUNDLE_IDENTIFIER = edu.self.FoodPin;
				PRODUCT_NAME = "$(TARGET_NAME)";
				SWIFT_VERSION = 3.0;
			};
			name = Release;
		};
/* End XCBuildConfiguration section */

/* Begin XCConfigurationList section */
		8EE717231ECBBD3C007156AD /* Build configuration list for PBXProject "FoodPin" */ = {
			isa = XCConfigurationList;
			buildConfigurations = (
				8EE7173B1ECBBD3C007156AD /* Debug */,
				8EE7173C1ECBBD3C007156AD /* Release */,
			);
			defaultConfigurationIsVisible = 0;
			defaultConfigurationName = Release;
		};
		8EE7173D1ECBBD3C007156AD /* Build configuration list for PBXNativeTarget "FoodPin" */ = {
			isa = XCConfigurationList;
			buildConfigurations = (
				8EE7173E1ECBBD3C007156AD /* Debug */,
				8EE7173F1ECBBD3C007156AD /* Release */,
			);
			defaultConfigurationIsVisible = 0;
		};
/* End XCConfigurationList section */

/* Begin XCVersionGroup section */
		8EE717321ECBBD3C007156AD /* FoodPin.xcdatamodeld */ = {
			isa = XCVersionGroup;
			children = (
				8EE717331ECBBD3C007156AD /* FoodPin.xcdatamodel */,
			);
			currentVersion = 8EE717331ECBBD3C007156AD /* FoodPin.xcdatamodel */;
			path = FoodPin.xcdatamodeld;
			sourceTree = "<group>";
			versionGroupType = wrapper.xcdatamodel;
		};
/* End XCVersionGroup section */
	};
	rootObject = 8EE717201ECBBD3C007156AD /* Project object */;
}
